
Microsoft Visual Studio Solution File, Format Version 12.00
# Visual Studio 15
VisualStudioVersion = 15.0.27130.2027
MinimumVisualStudioVersion = 10.0.40219.1
Project("{FAE04EC0-301F-11D3-BF4B-00C04F79EFBC}") = "Cldr", "src\Cldr.csproj", "{2D49B151-35B7-4723-80CF-3E26F5DA4AB5}"
EndProject
Project("{FAE04EC0-301F-11D3-BF4B-00C04F79EFBC}") = "CldrTests", "test\CldrTests.csproj", "{F39DC39E-9300-486A-B456-EC21F4789C8C}"
EndProject
Project("{2150E333-8FDC-42A3-9474-1A3956D46DE8}") = "Solution Items", "Solution Items", "{36A869FE-7FAB-41E5-B72C-CA87F7F605C9}"
	ProjectSection(SolutionItems) = preProject
		appveyor.yml = appveyor.yml
		changelog.bat = changelog.bat
		.nuget\packages.config = .nuget\packages.config
		README.md = README.md
	EndProjectSection
EndProject
Project("{FAE04EC0-301F-11D3-BF4B-00C04F79EFBC}") = "Documentation", "doc\Documentation.csproj", "{F3A32EA9-0B2F-46A3-B47A-33B4C04BD423}"
EndProject
Global
	GlobalSection(SolutionConfigurationPlatforms) = preSolution
		Debug|Any CPU = Debug|Any CPU
		Release|Any CPU = Release|Any CPU
	EndGlobalSection
	GlobalSection(ProjectConfigurationPlatforms) = postSolution
		{2D49B151-35B7-4723-80CF-3E26F5DA4AB5}.Debug|Any CPU.ActiveCfg = Debug|Any CPU
		{2D49B151-35B7-4723-80CF-3E26F5DA4AB5}.Debug|Any CPU.Build.0 = Debug|Any CPU
		{2D49B151-35B7-4723-80CF-3E26F5DA4AB5}.Release|Any CPU.ActiveCfg = Release|Any CPU
		{2D49B151-35B7-4723-80CF-3E26F5DA4AB5}.Release|Any CPU.Build.0 = Release|Any CPU
		{F39DC39E-9300-486A-B456-EC21F4789C8C}.Debug|Any CPU.ActiveCfg = Debug|Any CPU
		{F39DC39E-9300-486A-B456-EC21F4789C8C}.Debug|Any CPU.Build.0 = Debug|Any CPU
		{F39DC39E-9300-486A-B456-EC21F4789C8C}.Release|Any CPU.ActiveCfg = Release|Any CPU
		{F39DC39E-9300-486A-B456-EC21F4789C8C}.Release|Any CPU.Build.0 = Release|Any CPU
		{F3A32EA9-0B2F-46A3-B47A-33B4C04BD423}.Debug|Any CPU.ActiveCfg = Debug|Any CPU
		{F3A32EA9-0B2F-46A3-B47A-33B4C04BD423}.Release|Any CPU.ActiveCfg = Release|Any CPU
	EndGlobalSection
	GlobalSection(SolutionProperties) = preSolution
		HideSolutionNode = FALSE
	EndGlobalSection
EndGlobal
